
Microsoft Visual Studio Solution File, Format Version 12.00
# Visual Studio Version 16
VisualStudioVersion = 16.0.32126.315
MinimumVisualStudioVersion = 10.0.40219.1
Project("{FAE04EC0-301F-11D3-BF4B-00C04F79EFBC}") = "PBKK_Quiz_1", "PBKK_Quiz_1\PBKK_Quiz_1.csproj", "{90D94762-3BA7-4E3E-8D0B-A911D61C586D}"
EndProject
Global
	GlobalSection(SolutionConfigurationPlatforms) = preSolution
		Debug|Any CPU = Debug|Any CPU
		Release|Any CPU = Release|Any CPU
	EndGlobalSection
	GlobalSection(ProjectConfigurationPlatforms) = postSolution
		{90D94762-3BA7-4E3E-8D0B-A911D61C586D}.Debug|Any CPU.ActiveCfg = Debug|Any CPU
		{90D94762-3BA7-4E3E-8D0B-A911D61C586D}.Debug|Any CPU.Build.0 = Debug|Any CPU
		{90D94762-3BA7-4E3E-8D0B-A911D61C586D}.Release|Any CPU.ActiveCfg = Release|Any CPU
		{90D94762-3BA7-4E3E-8D0B-A911D61C586D}.Release|Any CPU.Build.0 = Release|Any CPU
	EndGlobalSection
	GlobalSection(SolutionProperties) = preSolution
		HideSolutionNode = FALSE
	EndGlobalSection
	GlobalSection(ExtensibilityGlobals) = postSolution
		SolutionGuid = {AA61D888-FEB6-4766-91F5-3F8077715FBD}
	EndGlobalSection
EndGlobal
